
Microsoft Visual Studio Solution File, Format Version 12.00
Project("{FAE04EC0-301F-11D3-BF4B-00C04F79EFBC}") = "TriangleApp", "TriangleApp\TriangleApp.csproj", "{CC1F55E0-B34D-4D1A-8479-09D4A19E9515}"
EndProject
Project("{FAE04EC0-301F-11D3-BF4B-00C04F79EFBC}") = "TriangleApp.Tests", "TriangleApp.Tests\TriangleApp.Tests.csproj", "{A8797E8C-5861-4CBB-A676-7AAAC4D3592E}"
EndProject
Global
	GlobalSection(SolutionConfigurationPlatforms) = preSolution
		Debug|Any CPU = Debug|Any CPU
		Release|Any CPU = Release|Any CPU
	EndGlobalSection
	GlobalSection(ProjectConfigurationPlatforms) = postSolution
		{CC1F55E0-B34D-4D1A-8479-09D4A19E9515}.Debug|Any CPU.ActiveCfg = Debug|Any CPU
		{CC1F55E0-B34D-4D1A-8479-09D4A19E9515}.Debug|Any CPU.Build.0 = Debug|Any CPU
		{CC1F55E0-B34D-4D1A-8479-09D4A19E9515}.Release|Any CPU.ActiveCfg = Release|Any CPU
		{CC1F55E0-B34D-4D1A-8479-09D4A19E9515}.Release|Any CPU.Build.0 = Release|Any CPU
		{A8797E8C-5861-4CBB-A676-7AAAC4D3592E}.Debug|Any CPU.ActiveCfg = Debug|Any CPU
		{A8797E8C-5861-4CBB-A676-7AAAC4D3592E}.Debug|Any CPU.Build.0 = Debug|Any CPU
		{A8797E8C-5861-4CBB-A676-7AAAC4D3592E}.Release|Any CPU.ActiveCfg = Release|Any CPU
		{A8797E8C-5861-4CBB-A676-7AAAC4D3592E}.Release|Any CPU.Build.0 = Release|Any CPU
	EndGlobalSection
EndGlobal
